
Microsoft Visual Studio Solution File, Format Version 12.00
# Visual Studio 14
VisualStudioVersion = 14.0.23107.0
MinimumVisualStudioVersion = 10.0.40219.1
Project("{FAE04EC0-301F-11D3-BF4B-00C04F79EFBC}") = "AutofacDemoWCF", "AutofacDemoWCF.csproj", "{8C44EAAC-BBF8-4046-AA91-D50EA0CCA291}"
EndProject
Project("{FAE04EC0-301F-11D3-BF4B-00C04F79EFBC}") = "ContainerRegister", "ContainerRegister\ContainerRegister.csproj", "{E6742CF7-33FA-4C0A-A08A-789E70E48C02}"
EndProject
Global
	GlobalSection(SolutionConfigurationPlatforms) = preSolution
		Debug|Any CPU = Debug|Any CPU
		Release|Any CPU = Release|Any CPU
	EndGlobalSection
	GlobalSection(ProjectConfigurationPlatforms) = postSolution
		{8C44EAAC-BBF8-4046-AA91-D50EA0CCA291}.Debug|Any CPU.ActiveCfg = Debug|Any CPU
		{8C44EAAC-BBF8-4046-AA91-D50EA0CCA291}.Debug|Any CPU.Build.0 = Debug|Any CPU
		{8C44EAAC-BBF8-4046-AA91-D50EA0CCA291}.Release|Any CPU.ActiveCfg = Release|Any CPU
		{8C44EAAC-BBF8-4046-AA91-D50EA0CCA291}.Release|Any CPU.Build.0 = Release|Any CPU
		{E6742CF7-33FA-4C0A-A08A-789E70E48C02}.Debug|Any CPU.ActiveCfg = Debug|Any CPU
		{E6742CF7-33FA-4C0A-A08A-789E70E48C02}.Debug|Any CPU.Build.0 = Debug|Any CPU
		{E6742CF7-33FA-4C0A-A08A-789E70E48C02}.Release|Any CPU.ActiveCfg = Release|Any CPU
		{E6742CF7-33FA-4C0A-A08A-789E70E48C02}.Release|Any CPU.Build.0 = Release|Any CPU
	EndGlobalSection
	GlobalSection(SolutionProperties) = preSolution
		HideSolutionNode = FALSE
	EndGlobalSection
EndGlobal
